
Microsoft Visual Studio Solution File, Format Version 12.00
# Visual Studio Version 17
VisualStudioVersion = 17.7.34031.279
MinimumVisualStudioVersion = 10.0.40219.1
Project("{FAE04EC0-301F-11D3-BF4B-00C04F79EFBC}") = "programasieteUcuatro", "programasieteUcuatro\programasieteUcuatro.csproj", "{29C2F55B-50D4-4895-9DFB-DAAB9B87EDF9}"
EndProject
Global
	GlobalSection(SolutionConfigurationPlatforms) = preSolution
		Debug|Any CPU = Debug|Any CPU
		Release|Any CPU = Release|Any CPU
	EndGlobalSection
	GlobalSection(ProjectConfigurationPlatforms) = postSolution
		{29C2F55B-50D4-4895-9DFB-DAAB9B87EDF9}.Debug|Any CPU.ActiveCfg = Debug|Any CPU
		{29C2F55B-50D4-4895-9DFB-DAAB9B87EDF9}.Debug|Any CPU.Build.0 = Debug|Any CPU
		{29C2F55B-50D4-4895-9DFB-DAAB9B87EDF9}.Release|Any CPU.ActiveCfg = Release|Any CPU
		{29C2F55B-50D4-4895-9DFB-DAAB9B87EDF9}.Release|Any CPU.Build.0 = Release|Any CPU
	EndGlobalSection
	GlobalSection(SolutionProperties) = preSolution
		HideSolutionNode = FALSE
	EndGlobalSection
	GlobalSection(ExtensibilityGlobals) = postSolution
		SolutionGuid = {CFEE9DDC-0B01-48C7-92F7-374D8AAD1CEF}
	EndGlobalSection
EndGlobal
