
Microsoft Visual Studio Solution File, Format Version 12.00
# Visual Studio Version 17
VisualStudioVersion = 17.7.34031.279
MinimumVisualStudioVersion = 10.0.40219.1
Project("{FAE04EC0-301F-11D3-BF4B-00C04F79EFBC}") = "programaunou3", "programaunou3\programaunou3.csproj", "{BFB13909-81B6-4448-B4DC-1DD44D8EF01C}"
EndProject
Global
	GlobalSection(SolutionConfigurationPlatforms) = preSolution
		Debug|Any CPU = Debug|Any CPU
		Release|Any CPU = Release|Any CPU
	EndGlobalSection
	GlobalSection(ProjectConfigurationPlatforms) = postSolution
		{BFB13909-81B6-4448-B4DC-1DD44D8EF01C}.Debug|Any CPU.ActiveCfg = Debug|Any CPU
		{BFB13909-81B6-4448-B4DC-1DD44D8EF01C}.Debug|Any CPU.Build.0 = Debug|Any CPU
		{BFB13909-81B6-4448-B4DC-1DD44D8EF01C}.Release|Any CPU.ActiveCfg = Release|Any CPU
		{BFB13909-81B6-4448-B4DC-1DD44D8EF01C}.Release|Any CPU.Build.0 = Release|Any CPU
	EndGlobalSection
	GlobalSection(SolutionProperties) = preSolution
		HideSolutionNode = FALSE
	EndGlobalSection
	GlobalSection(ExtensibilityGlobals) = postSolution
		SolutionGuid = {7AD9162E-F00A-4A32-90A0-0E2443114EA8}
	EndGlobalSection
EndGlobal
