
Microsoft Visual Studio Solution File, Format Version 12.00
# Visual Studio Version 17
VisualStudioVersion = 17.7.34031.279
MinimumVisualStudioVersion = 10.0.40219.1
Project("{FAE04EC0-301F-11D3-BF4B-00C04F79EFBC}") = "programa19", "programa19\programa19.csproj", "{C6E46472-545D-4F6B-AC85-1C42FEE6638B}"
EndProject
Global
	GlobalSection(SolutionConfigurationPlatforms) = preSolution
		Debug|Any CPU = Debug|Any CPU
		Release|Any CPU = Release|Any CPU
	EndGlobalSection
	GlobalSection(ProjectConfigurationPlatforms) = postSolution
		{C6E46472-545D-4F6B-AC85-1C42FEE6638B}.Debug|Any CPU.ActiveCfg = Debug|Any CPU
		{C6E46472-545D-4F6B-AC85-1C42FEE6638B}.Debug|Any CPU.Build.0 = Debug|Any CPU
		{C6E46472-545D-4F6B-AC85-1C42FEE6638B}.Release|Any CPU.ActiveCfg = Release|Any CPU
		{C6E46472-545D-4F6B-AC85-1C42FEE6638B}.Release|Any CPU.Build.0 = Release|Any CPU
	EndGlobalSection
	GlobalSection(SolutionProperties) = preSolution
		HideSolutionNode = FALSE
	EndGlobalSection
	GlobalSection(ExtensibilityGlobals) = postSolution
		SolutionGuid = {B6251174-8227-4064-8050-1909CA2FE179}
	EndGlobalSection
EndGlobal
